// !$*UTF8*$!
{
	archiveVersion = 1;
	classes = {
	};
	objectVersion = 56;
	objects = {

/* Begin PBXBuildFile section */
		E80F8F4F2BC7999900D65531 /* ShareViewController.swift in Sources */ = {isa = PBXBuildFile; fileRef = E80F8F4E2BC7999900D65531 /* ShareViewController.swift */; };
		E80F8F522BC7999900D65531 /* Base in Resources */ = {isa = PBXBuildFile; fileRef = E80F8F512BC7999900D65531 /* Base */; };
		E80F8F562BC7999900D65531 /* ShareExtension.appex in Embed Foundation Extensions */ = {isa = PBXBuildFile; fileRef = E80F8F4C2BC7999900D65531 /* ShareExtension.appex */; settings = {ATTRIBUTES = (RemoveHeadersOnCopy, ); }; };
		E80F8F622BC7A41F00D65531 /* Supabase in Frameworks */ = {isa = PBXBuildFile; productRef = E80F8F612BC7A41F00D65531 /* Supabase */; };
		E817B4712BD0A8D600841482 /* LogoLoadingView.swift in Sources */ = {isa = PBXBuildFile; fileRef = E81865D32BC8E58500411BC9 /* LogoLoadingView.swift */; };
		E817B4762BD0A9AE00841482 /* ShareView.swift in Sources */ = {isa = PBXBuildFile; fileRef = E817B4752BD0A9AE00841482 /* ShareView.swift */; };
		E817B4772BD0A9AE00841482 /* ShareFeature.swift in Sources */ = {isa = PBXBuildFile; fileRef = E817B4742BD0A9AE00841482 /* ShareFeature.swift */; };
		E817B4782BD0AF8B00841482 /* Assets.xcassets in Resources */ = {isa = PBXBuildFile; fileRef = E83A3BC22BC3E4F400248AF5 /* Assets.xcassets */; };
		E817B47A2BD0E71300841482 /* WebView.swift in Sources */ = {isa = PBXBuildFile; fileRef = E817B4792BD0E71300841482 /* WebView.swift */; };
		E81865CF2BC8CCAE00411BC9 /* RootFeature.swift in Sources */ = {isa = PBXBuildFile; fileRef = E81865CC2BC8CCAE00411BC9 /* RootFeature.swift */; };
		E81865D02BC8CCAE00411BC9 /* RootView.swift in Sources */ = {isa = PBXBuildFile; fileRef = E81865CD2BC8CCAE00411BC9 /* RootView.swift */; };
		E81865D42BC8E58500411BC9 /* LogoLoadingView.swift in Sources */ = {isa = PBXBuildFile; fileRef = E81865D32BC8E58500411BC9 /* LogoLoadingView.swift */; };
		E81865D62BC8EA3D00411BC9 /* LoginSessionClient.swift in Sources */ = {isa = PBXBuildFile; fileRef = E81865D52BC8EA3D00411BC9 /* LoginSessionClient.swift */; };
		E83A3BBF2BC3E4F300248AF5 /* LabApp.swift in Sources */ = {isa = PBXBuildFile; fileRef = E83A3BBE2BC3E4F300248AF5 /* LabApp.swift */; };
		E83A3BC32BC3E4F400248AF5 /* Assets.xcassets in Resources */ = {isa = PBXBuildFile; fileRef = E83A3BC22BC3E4F400248AF5 /* Assets.xcassets */; };
		E83A3BC72BC3E4F400248AF5 /* Preview Assets.xcassets in Resources */ = {isa = PBXBuildFile; fileRef = E83A3BC62BC3E4F400248AF5 /* Preview Assets.xcassets */; };
		E84346AE2BCF7783008F1FE3 /* LoginSessionClient.swift in Sources */ = {isa = PBXBuildFile; fileRef = E81865D52BC8EA3D00411BC9 /* LoginSessionClient.swift */; };
		E84346AF2BCF7783008F1FE3 /* LabAPIClient.swift in Sources */ = {isa = PBXBuildFile; fileRef = E87D17252BCB7A94004F28E4 /* LabAPIClient.swift */; };
		E84346B02BCF77B8008F1FE3 /* Bookmarks.swift in Sources */ = {isa = PBXBuildFile; fileRef = E87D17282BCB7F3B004F28E4 /* Bookmarks.swift */; };
		E84346B22BCF77E0008F1FE3 /* ComposableArchitecture in Frameworks */ = {isa = PBXBuildFile; productRef = E84346B12BCF77E0008F1FE3 /* ComposableArchitecture */; };
		E84346B42BCF77E6008F1FE3 /* Supabase in Frameworks */ = {isa = PBXBuildFile; productRef = E84346B32BCF77E6008F1FE3 /* Supabase */; };
		E873D9702BC8027300DAF86E /* LoginFeature.swift in Sources */ = {isa = PBXBuildFile; fileRef = E873D96F2BC8027300DAF86E /* LoginFeature.swift */; };
		E873D9732BC8028900DAF86E /* ComposableArchitecture in Frameworks */ = {isa = PBXBuildFile; productRef = E873D9722BC8028900DAF86E /* ComposableArchitecture */; };
		E87D17232BCB6F07004F28E4 /* HomeFeature.swift in Sources */ = {isa = PBXBuildFile; fileRef = E87D17202BCB6F07004F28E4 /* HomeFeature.swift */; };
		E87D17242BCB6F07004F28E4 /* HomeView.swift in Sources */ = {isa = PBXBuildFile; fileRef = E87D17212BCB6F07004F28E4 /* HomeView.swift */; };
		E87D17262BCB7A94004F28E4 /* LabAPIClient.swift in Sources */ = {isa = PBXBuildFile; fileRef = E87D17252BCB7A94004F28E4 /* LabAPIClient.swift */; };
		E87D17292BCB7F3B004F28E4 /* Bookmarks.swift in Sources */ = {isa = PBXBuildFile; fileRef = E87D17282BCB7F3B004F28E4 /* Bookmarks.swift */; };
		E8C05FE72BCBC70200BA2361 /* Skeleton.swift in Sources */ = {isa = PBXBuildFile; fileRef = E8C05FE62BCBC70200BA2361 /* Skeleton.swift */; };
		E8C05FE92BCBCA8B00BA2361 /* Shimmer in Frameworks */ = {isa = PBXBuildFile; productRef = E8C05FE82BCBCA8B00BA2361 /* Shimmer */; };
		E8C05FEB2BCC10C200BA2361 /* BookmarkListItem.swift in Sources */ = {isa = PBXBuildFile; fileRef = E8C05FEA2BCC10C200BA2361 /* BookmarkListItem.swift */; };
		E8C05FF12BCCB41500BA2361 /* AddBookmarkFeature.swift in Sources */ = {isa = PBXBuildFile; fileRef = E8C05FEE2BCCB41400BA2361 /* AddBookmarkFeature.swift */; };
		E8C05FF22BCCB41500BA2361 /* AddBookmarkView.swift in Sources */ = {isa = PBXBuildFile; fileRef = E8C05FEF2BCCB41400BA2361 /* AddBookmarkView.swift */; };
/* End PBXBuildFile section */

/* Begin PBXContainerItemProxy section */
		E80F8F542BC7999900D65531 /* PBXContainerItemProxy */ = {
			isa = PBXContainerItemProxy;
			containerPortal = E83A3BB32BC3E4F300248AF5 /* Project object */;
			proxyType = 1;
			remoteGlobalIDString = E80F8F4B2BC7999900D65531;
			remoteInfo = ShareExtension;
		};
/* End PBXContainerItemProxy section */

/* Begin PBXCopyFilesBuildPhase section */
		E80F8F572BC7999900D65531 /* Embed Foundation Extensions */ = {
			isa = PBXCopyFilesBuildPhase;
			buildActionMask = 2147483647;
			dstPath = "";
			dstSubfolderSpec = 13;
			files = (
				E80F8F562BC7999900D65531 /* ShareExtension.appex in Embed Foundation Extensions */,
			);
			name = "Embed Foundation Extensions";
			runOnlyForDeploymentPostprocessing = 0;
		};
/* End PBXCopyFilesBuildPhase section */

/* Begin PBXFileReference section */
		E803F0ED2BC5916A0018C688 /* Info.plist */ = {isa = PBXFileReference; lastKnownFileType = text.plist.xml; path = Info.plist; sourceTree = "<group>"; };
		E80F8F4C2BC7999900D65531 /* ShareExtension.appex */ = {isa = PBXFileReference; explicitFileType = "wrapper.app-extension"; includeInIndex = 0; path = ShareExtension.appex; sourceTree = BUILT_PRODUCTS_DIR; };
		E80F8F4E2BC7999900D65531 /* ShareViewController.swift */ = {isa = PBXFileReference; lastKnownFileType = sourcecode.swift; path = ShareViewController.swift; sourceTree = "<group>"; };
		E80F8F512BC7999900D65531 /* Base */ = {isa = PBXFileReference; lastKnownFileType = file.storyboard; name = Base; path = Base.lproj/MainInterface.storyboard; sourceTree = "<group>"; };
		E80F8F532BC7999900D65531 /* Info.plist */ = {isa = PBXFileReference; lastKnownFileType = text.plist.xml; path = Info.plist; sourceTree = "<group>"; };
		E817B4742BD0A9AE00841482 /* ShareFeature.swift */ = {isa = PBXFileReference; lastKnownFileType = sourcecode.swift; path = ShareFeature.swift; sourceTree = "<group>"; };
		E817B4752BD0A9AE00841482 /* ShareView.swift */ = {isa = PBXFileReference; lastKnownFileType = sourcecode.swift; path = ShareView.swift; sourceTree = "<group>"; };
		E817B4792BD0E71300841482 /* WebView.swift */ = {isa = PBXFileReference; lastKnownFileType = sourcecode.swift; path = WebView.swift; sourceTree = "<group>"; };
		E81865CC2BC8CCAE00411BC9 /* RootFeature.swift */ = {isa = PBXFileReference; fileEncoding = 4; lastKnownFileType = sourcecode.swift; path = RootFeature.swift; sourceTree = "<group>"; };
		E81865CD2BC8CCAE00411BC9 /* RootView.swift */ = {isa = PBXFileReference; fileEncoding = 4; lastKnownFileType = sourcecode.swift; path = RootView.swift; sourceTree = "<group>"; };
		E81865D32BC8E58500411BC9 /* LogoLoadingView.swift */ = {isa = PBXFileReference; lastKnownFileType = sourcecode.swift; path = LogoLoadingView.swift; sourceTree = "<group>"; };
		E81865D52BC8EA3D00411BC9 /* LoginSessionClient.swift */ = {isa = PBXFileReference; lastKnownFileType = sourcecode.swift; path = LoginSessionClient.swift; sourceTree = "<group>"; };
		E83A3BBB2BC3E4F300248AF5 /* Lab.app */ = {isa = PBXFileReference; explicitFileType = wrapper.application; includeInIndex = 0; path = Lab.app; sourceTree = BUILT_PRODUCTS_DIR; };
		E83A3BBE2BC3E4F300248AF5 /* LabApp.swift */ = {isa = PBXFileReference; lastKnownFileType = sourcecode.swift; path = LabApp.swift; sourceTree = "<group>"; };
		E83A3BC22BC3E4F400248AF5 /* Assets.xcassets */ = {isa = PBXFileReference; lastKnownFileType = folder.assetcatalog; path = Assets.xcassets; sourceTree = "<group>"; };
		E83A3BC42BC3E4F400248AF5 /* Lab.entitlements */ = {isa = PBXFileReference; lastKnownFileType = text.plist.entitlements; path = Lab.entitlements; sourceTree = "<group>"; };
		E83A3BC62BC3E4F400248AF5 /* Preview Assets.xcassets */ = {isa = PBXFileReference; lastKnownFileType = folder.assetcatalog; path = "Preview Assets.xcassets"; sourceTree = "<group>"; };
		E84346B52BD09564008F1FE3 /* ShareExtension.entitlements */ = {isa = PBXFileReference; lastKnownFileType = text.plist.entitlements; path = ShareExtension.entitlements; sourceTree = "<group>"; };
		E873D96F2BC8027300DAF86E /* LoginFeature.swift */ = {isa = PBXFileReference; fileEncoding = 4; lastKnownFileType = sourcecode.swift; path = LoginFeature.swift; sourceTree = "<group>"; };
		E87D17202BCB6F07004F28E4 /* HomeFeature.swift */ = {isa = PBXFileReference; fileEncoding = 4; lastKnownFileType = sourcecode.swift; path = HomeFeature.swift; sourceTree = "<group>"; };
		E87D17212BCB6F07004F28E4 /* HomeView.swift */ = {isa = PBXFileReference; fileEncoding = 4; lastKnownFileType = sourcecode.swift; path = HomeView.swift; sourceTree = "<group>"; };
		E87D17252BCB7A94004F28E4 /* LabAPIClient.swift */ = {isa = PBXFileReference; lastKnownFileType = sourcecode.swift; path = LabAPIClient.swift; sourceTree = "<group>"; };
		E87D17282BCB7F3B004F28E4 /* Bookmarks.swift */ = {isa = PBXFileReference; lastKnownFileType = sourcecode.swift; path = Bookmarks.swift; sourceTree = "<group>"; };
		E8C05FE62BCBC70200BA2361 /* Skeleton.swift */ = {isa = PBXFileReference; lastKnownFileType = sourcecode.swift; path = Skeleton.swift; sourceTree = "<group>"; };
		E8C05FEA2BCC10C200BA2361 /* BookmarkListItem.swift */ = {isa = PBXFileReference; lastKnownFileType = sourcecode.swift; path = BookmarkListItem.swift; sourceTree = "<group>"; };
		E8C05FEE2BCCB41400BA2361 /* AddBookmarkFeature.swift */ = {isa = PBXFileReference; fileEncoding = 4; lastKnownFileType = sourcecode.swift; path = AddBookmarkFeature.swift; sourceTree = "<group>"; };
		E8C05FEF2BCCB41400BA2361 /* AddBookmarkView.swift */ = {isa = PBXFileReference; fileEncoding = 4; lastKnownFileType = sourcecode.swift; path = AddBookmarkView.swift; sourceTree = "<group>"; };
/* End PBXFileReference section */

/* Begin PBXFrameworksBuildPhase section */
		E80F8F492BC7999900D65531 /* Frameworks */ = {
			isa = PBXFrameworksBuildPhase;
			buildActionMask = 2147483647;
			files = (
				E84346B42BCF77E6008F1FE3 /* Supabase in Frameworks */,
				E84346B22BCF77E0008F1FE3 /* ComposableArchitecture in Frameworks */,
			);
			runOnlyForDeploymentPostprocessing = 0;
		};
		E83A3BB82BC3E4F300248AF5 /* Frameworks */ = {
			isa = PBXFrameworksBuildPhase;
			buildActionMask = 2147483647;
			files = (
				E8C05FE92BCBCA8B00BA2361 /* Shimmer in Frameworks */,
				E873D9732BC8028900DAF86E /* ComposableArchitecture in Frameworks */,
				E80F8F622BC7A41F00D65531 /* Supabase in Frameworks */,
			);
			runOnlyForDeploymentPostprocessing = 0;
		};
/* End PBXFrameworksBuildPhase section */

/* Begin PBXGroup section */
		E800AC892BC7C48600BED4F0 /* Extensions */ = {
			isa = PBXGroup;
			children = (
				E80F8F4D2BC7999900D65531 /* ShareExtension */,
			);
			path = Extensions;
			sourceTree = "<group>";
		};
		E80F8F4D2BC7999900D65531 /* ShareExtension */ = {
			isa = PBXGroup;
			children = (
				E80F8F4E2BC7999900D65531 /* ShareViewController.swift */,
				E817B4742BD0A9AE00841482 /* ShareFeature.swift */,
				E817B4752BD0A9AE00841482 /* ShareView.swift */,
				E80F8F502BC7999900D65531 /* MainInterface.storyboard */,
				E80F8F532BC7999900D65531 /* Info.plist */,
			);
			path = ShareExtension;
			sourceTree = "<group>";
		};
		E81865CE2BC8CCAE00411BC9 /* Root */ = {
			isa = PBXGroup;
			children = (
				E81865CC2BC8CCAE00411BC9 /* RootFeature.swift */,
				E81865CD2BC8CCAE00411BC9 /* RootView.swift */,
			);
			path = Root;
			sourceTree = "<group>";
		};
		E81865D12BC8E50900411BC9 /* Features */ = {
			isa = PBXGroup;
			children = (
				E8C05FF02BCCB41400BA2361 /* AddBookmark */,
				E87D17222BCB6F07004F28E4 /* Home */,
				E8FF5AF82BC7FF6D0049A49F /* Login */,
				E81865CE2BC8CCAE00411BC9 /* Root */,
			);
			path = Features;
			sourceTree = "<group>";
		};
		E81865D22BC8E57100411BC9 /* Components */ = {
			isa = PBXGroup;
			children = (
				E81865D32BC8E58500411BC9 /* LogoLoadingView.swift */,
				E8C05FE62BCBC70200BA2361 /* Skeleton.swift */,
				E817B4792BD0E71300841482 /* WebView.swift */,
			);
			path = Components;
			sourceTree = "<group>";
		};
		E83A3BB22BC3E4F300248AF5 = {
			isa = PBXGroup;
			children = (
				E84346B52BD09564008F1FE3 /* ShareExtension.entitlements */,
				E83A3BBD2BC3E4F300248AF5 /* Lab */,
				E800AC892BC7C48600BED4F0 /* Extensions */,
				E83A3BBC2BC3E4F300248AF5 /* Products */,
				E873D9712BC8028900DAF86E /* Frameworks */,
			);
			sourceTree = "<group>";
		};
		E83A3BBC2BC3E4F300248AF5 /* Products */ = {
			isa = PBXGroup;
			children = (
				E83A3BBB2BC3E4F300248AF5 /* Lab.app */,
				E80F8F4C2BC7999900D65531 /* ShareExtension.appex */,
			);
			name = Products;
			sourceTree = "<group>";
		};
		E83A3BBD2BC3E4F300248AF5 /* Lab */ = {
			isa = PBXGroup;
			children = (
				E87D17272BCB7F2F004F28E4 /* Domain */,
				E81865D22BC8E57100411BC9 /* Components */,
				E81865D12BC8E50900411BC9 /* Features */,
				E8FF5AF92BC7FFD10049A49F /* Assets */,
				E87D172A2BCBA29A004F28E4 /* Dependencies */,
				E83A3BBE2BC3E4F300248AF5 /* LabApp.swift */,
			);
			path = Lab;
			sourceTree = "<group>";
		};
		E83A3BC52BC3E4F400248AF5 /* Preview Content */ = {
			isa = PBXGroup;
			children = (
				E83A3BC62BC3E4F400248AF5 /* Preview Assets.xcassets */,
			);
			path = "Preview Content";
			sourceTree = "<group>";
		};
		E873D9712BC8028900DAF86E /* Frameworks */ = {
			isa = PBXGroup;
			children = (
			);
			name = Frameworks;
			sourceTree = "<group>";
		};
		E87D17222BCB6F07004F28E4 /* Home */ = {
			isa = PBXGroup;
			children = (
				E87D17202BCB6F07004F28E4 /* HomeFeature.swift */,
				E87D17212BCB6F07004F28E4 /* HomeView.swift */,
				E8C05FEA2BCC10C200BA2361 /* BookmarkListItem.swift */,
			);
			path = Home;
			sourceTree = "<group>";
		};
		E87D17272BCB7F2F004F28E4 /* Domain */ = {
			isa = PBXGroup;
			children = (
				E87D17282BCB7F3B004F28E4 /* Bookmarks.swift */,
			);
			path = Domain;
			sourceTree = "<group>";
		};
		E87D172A2BCBA29A004F28E4 /* Dependencies */ = {
			isa = PBXGroup;
			children = (
				E81865D52BC8EA3D00411BC9 /* LoginSessionClient.swift */,
				E87D17252BCB7A94004F28E4 /* LabAPIClient.swift */,
			);
			path = Dependencies;
			sourceTree = "<group>";
		};
		E8C05FF02BCCB41400BA2361 /* AddBookmark */ = {
			isa = PBXGroup;
			children = (
				E8C05FEE2BCCB41400BA2361 /* AddBookmarkFeature.swift */,
				E8C05FEF2BCCB41400BA2361 /* AddBookmarkView.swift */,
			);
			name = AddBookmark;
			path = Lab/Features/AddBookmark;
			sourceTree = SOURCE_ROOT;
		};
		E8FF5AF82BC7FF6D0049A49F /* Login */ = {
			isa = PBXGroup;
			children = (
				E873D96F2BC8027300DAF86E /* LoginFeature.swift */,
			);
			path = Login;
			sourceTree = "<group>";
		};
		E8FF5AF92BC7FFD10049A49F /* Assets */ = {
			isa = PBXGroup;
			children = (
				E83A3BC42BC3E4F400248AF5 /* Lab.entitlements */,
				E83A3BC52BC3E4F400248AF5 /* Preview Content */,
				E803F0ED2BC5916A0018C688 /* Info.plist */,
				E83A3BC22BC3E4F400248AF5 /* Assets.xcassets */,
			);
			path = Assets;
			sourceTree = "<group>";
		};
/* End PBXGroup section */

/* Begin PBXNativeTarget section */
		E80F8F4B2BC7999900D65531 /* ShareExtension */ = {
			isa = PBXNativeTarget;
			buildConfigurationList = E80F8F5A2BC7999900D65531 /* Build configuration list for PBXNativeTarget "ShareExtension" */;
			buildPhases = (
				E80F8F482BC7999900D65531 /* Sources */,
				E80F8F492BC7999900D65531 /* Frameworks */,
				E80F8F4A2BC7999900D65531 /* Resources */,
			);
			buildRules = (
			);
			dependencies = (
			);
			name = ShareExtension;
			packageProductDependencies = (
				E84346B12BCF77E0008F1FE3 /* ComposableArchitecture */,
				E84346B32BCF77E6008F1FE3 /* Supabase */,
			);
			productName = ShareExtension;
			productReference = E80F8F4C2BC7999900D65531 /* ShareExtension.appex */;
			productType = "com.apple.product-type.app-extension";
		};
		E83A3BBA2BC3E4F300248AF5 /* Lab */ = {
			isa = PBXNativeTarget;
			buildConfigurationList = E83A3BE02BC3E4F400248AF5 /* Build configuration list for PBXNativeTarget "Lab" */;
			buildPhases = (
				E80F8F672BC7B48700D65531 /* Swift Format */,
				E80F8F662BC7B00300D65531 /* SwiftLint */,
				E83A3BB72BC3E4F300248AF5 /* Sources */,
				E83A3BB82BC3E4F300248AF5 /* Frameworks */,
				E83A3BB92BC3E4F300248AF5 /* Resources */,
				E80F8F572BC7999900D65531 /* Embed Foundation Extensions */,
			);
			buildRules = (
			);
			dependencies = (
				E80F8F552BC7999900D65531 /* PBXTargetDependency */,
			);
			name = Lab;
			packageProductDependencies = (
				E80F8F612BC7A41F00D65531 /* Supabase */,
				E873D9722BC8028900DAF86E /* ComposableArchitecture */,
				E8C05FE82BCBCA8B00BA2361 /* Shimmer */,
			);
			productName = Lab;
			productReference = E83A3BBB2BC3E4F300248AF5 /* Lab.app */;
			productType = "com.apple.product-type.application";
		};
/* End PBXNativeTarget section */

/* Begin PBXProject section */
		E83A3BB32BC3E4F300248AF5 /* Project object */ = {
			isa = PBXProject;
			attributes = {
				BuildIndependentTargetsInParallel = 1;
				LastSwiftUpdateCheck = 1530;
				LastUpgradeCheck = 1530;
				TargetAttributes = {
					E80F8F4B2BC7999900D65531 = {
						CreatedOnToolsVersion = 15.3;
					};
					E83A3BBA2BC3E4F300248AF5 = {
						CreatedOnToolsVersion = 15.3;
					};
				};
			};
			buildConfigurationList = E83A3BB62BC3E4F300248AF5 /* Build configuration list for PBXProject "Lab" */;
			compatibilityVersion = "Xcode 14.0";
			developmentRegion = en;
			hasScannedForEncodings = 0;
			knownRegions = (
				en,
				Base,
			);
			mainGroup = E83A3BB22BC3E4F300248AF5;
			packageReferences = (
				E80F8F5B2BC7A2E000D65531 /* XCRemoteSwiftPackageReference "supabase-swift" */,
				E8FF5AF72BC7FE6D0049A49F /* XCRemoteSwiftPackageReference "swift-composable-architecture" */,
				E8C05FE52BCBC6E000BA2361 /* XCRemoteSwiftPackageReference "SwiftUI-Shimmer" */,
			);
			productRefGroup = E83A3BBC2BC3E4F300248AF5 /* Products */;
			projectDirPath = "";
			projectRoot = "";
			targets = (
				E83A3BBA2BC3E4F300248AF5 /* Lab */,
				E80F8F4B2BC7999900D65531 /* ShareExtension */,
			);
		};
/* End PBXProject section */

/* Begin PBXResourcesBuildPhase section */
		E80F8F4A2BC7999900D65531 /* Resources */ = {
			isa = PBXResourcesBuildPhase;
			buildActionMask = 2147483647;
			files = (
				E817B4782BD0AF8B00841482 /* Assets.xcassets in Resources */,
				E80F8F522BC7999900D65531 /* Base in Resources */,
			);
			runOnlyForDeploymentPostprocessing = 0;
		};
		E83A3BB92BC3E4F300248AF5 /* Resources */ = {
			isa = PBXResourcesBuildPhase;
			buildActionMask = 2147483647;
			files = (
				E83A3BC72BC3E4F400248AF5 /* Preview Assets.xcassets in Resources */,
				E83A3BC32BC3E4F400248AF5 /* Assets.xcassets in Resources */,
			);
			runOnlyForDeploymentPostprocessing = 0;
		};
/* End PBXResourcesBuildPhase section */

/* Begin PBXShellScriptBuildPhase section */
		E80F8F662BC7B00300D65531 /* SwiftLint */ = {
			isa = PBXShellScriptBuildPhase;
			alwaysOutOfDate = 1;
			buildActionMask = 2147483647;
			files = (
			);
			inputFileListPaths = (
			);
			inputPaths = (
			);
			name = SwiftLint;
			outputFileListPaths = (
			);
			outputPaths = (
			);
			runOnlyForDeploymentPostprocessing = 0;
			shellPath = /bin/sh;
			shellScript = "if [[ \"$(uname -m)\" == arm64 ]]; then\n    export PATH=\"/opt/homebrew/bin:$PATH\"\nfi\n\nif which swiftlint > /dev/null; then\n  swiftlint\nelse\n  echo \"warning: SwiftLint not installed, download from https://github.com/realm/SwiftLint\"\nfi\n";
		};
		E80F8F672BC7B48700D65531 /* Swift Format */ = {
			isa = PBXShellScriptBuildPhase;
			alwaysOutOfDate = 1;
			buildActionMask = 2147483647;
			files = (
			);
			inputFileListPaths = (
			);
			inputPaths = (
			);
			name = "Swift Format";
			outputFileListPaths = (
			);
			outputPaths = (
			);
			runOnlyForDeploymentPostprocessing = 0;
			shellPath = /bin/sh;
			shellScript = "if [[ \"$(uname -m)\" == arm64 ]]; then\n    export PATH=\"/opt/homebrew/bin:$PATH\"\nfi\n\nif which swiftformat > /dev/null; then\n  swiftformat .\nelse\n  echo \"warning: SwiftFormat not installed, download from https://github.com/nicklockwood/SwiftFormat\"\nfi\n";
		};
/* End PBXShellScriptBuildPhase section */

/* Begin PBXSourcesBuildPhase section */
		E80F8F482BC7999900D65531 /* Sources */ = {
			isa = PBXSourcesBuildPhase;
			buildActionMask = 2147483647;
			files = (
				E817B4762BD0A9AE00841482 /* ShareView.swift in Sources */,
				E817B4712BD0A8D600841482 /* LogoLoadingView.swift in Sources */,
				E84346AE2BCF7783008F1FE3 /* LoginSessionClient.swift in Sources */,
				E84346AF2BCF7783008F1FE3 /* LabAPIClient.swift in Sources */,
				E80F8F4F2BC7999900D65531 /* ShareViewController.swift in Sources */,
				E817B4772BD0A9AE00841482 /* ShareFeature.swift in Sources */,
				E84346B02BCF77B8008F1FE3 /* Bookmarks.swift in Sources */,
			);
			runOnlyForDeploymentPostprocessing = 0;
		};
		E83A3BB72BC3E4F300248AF5 /* Sources */ = {
			isa = PBXSourcesBuildPhase;
			buildActionMask = 2147483647;
			files = (
				E8C05FF22BCCB41500BA2361 /* AddBookmarkView.swift in Sources */,
				E81865D62BC8EA3D00411BC9 /* LoginSessionClient.swift in Sources */,
				E8C05FE72BCBC70200BA2361 /* Skeleton.swift in Sources */,
				E8C05FF12BCCB41500BA2361 /* AddBookmarkFeature.swift in Sources */,
				E87D17292BCB7F3B004F28E4 /* Bookmarks.swift in Sources */,
				E81865CF2BC8CCAE00411BC9 /* RootFeature.swift in Sources */,
				E817B47A2BD0E71300841482 /* WebView.swift in Sources */,
				E87D17232BCB6F07004F28E4 /* HomeFeature.swift in Sources */,
				E83A3BBF2BC3E4F300248AF5 /* LabApp.swift in Sources */,
				E873D9702BC8027300DAF86E /* LoginFeature.swift in Sources */,
				E87D17262BCB7A94004F28E4 /* LabAPIClient.swift in Sources */,
				E87D17242BCB6F07004F28E4 /* HomeView.swift in Sources */,
				E81865D42BC8E58500411BC9 /* LogoLoadingView.swift in Sources */,
				E8C05FEB2BCC10C200BA2361 /* BookmarkListItem.swift in Sources */,
				E81865D02BC8CCAE00411BC9 /* RootView.swift in Sources */,
			);
			runOnlyForDeploymentPostprocessing = 0;
		};
/* End PBXSourcesBuildPhase section */

/* Begin PBXTargetDependency section */
		E80F8F552BC7999900D65531 /* PBXTargetDependency */ = {
			isa = PBXTargetDependency;
			target = E80F8F4B2BC7999900D65531 /* ShareExtension */;
			targetProxy = E80F8F542BC7999900D65531 /* PBXContainerItemProxy */;
		};
/* End PBXTargetDependency section */

/* Begin PBXVariantGroup section */
		E80F8F502BC7999900D65531 /* MainInterface.storyboard */ = {
			isa = PBXVariantGroup;
			children = (
				E80F8F512BC7999900D65531 /* Base */,
			);
			name = MainInterface.storyboard;
			sourceTree = "<group>";
		};
/* End PBXVariantGroup section */

/* Begin XCBuildConfiguration section */
		E80F8F582BC7999900D65531 /* Debug */ = {
			isa = XCBuildConfiguration;
			buildSettings = {
				CODE_SIGN_ENTITLEMENTS = ShareExtension.entitlements;
				CODE_SIGN_STYLE = Automatic;
				CURRENT_PROJECT_VERSION = 1;
				DEVELOPMENT_TEAM = G73SPYZ3Q7;
				GENERATE_INFOPLIST_FILE = YES;
				INFOPLIST_FILE = Extensions/ShareExtension/Info.plist;
				INFOPLIST_KEY_CFBundleDisplayName = ShareExtension;
				INFOPLIST_KEY_NSHumanReadableCopyright = "";
				IPHONEOS_DEPLOYMENT_TARGET = 17.4;
				LD_RUNPATH_SEARCH_PATHS = (
					"$(inherited)",
					"@executable_path/Frameworks",
					"@executable_path/../../Frameworks",
				);
				MARKETING_VERSION = 1.0;
				PRODUCT_BUNDLE_IDENTIFIER = "ukitaka-lab.app.Lab.ShareExtension";
				PRODUCT_NAME = "$(TARGET_NAME)";
				SDKROOT = iphoneos;
				SKIP_INSTALL = YES;
				SWIFT_EMIT_LOC_STRINGS = YES;
				SWIFT_VERSION = 5.0;
				TARGETED_DEVICE_FAMILY = "1,2";
			};
			name = Debug;
		};
		E80F8F592BC7999900D65531 /* Release */ = {
			isa = XCBuildConfiguration;
			buildSettings = {
				CODE_SIGN_ENTITLEMENTS = ShareExtension.entitlements;
				CODE_SIGN_STYLE = Automatic;
				CURRENT_PROJECT_VERSION = 1;
				DEVELOPMENT_TEAM = G73SPYZ3Q7;
				GENERATE_INFOPLIST_FILE = YES;
				INFOPLIST_FILE = Extensions/ShareExtension/Info.plist;
				INFOPLIST_KEY_CFBundleDisplayName = ShareExtension;
				INFOPLIST_KEY_NSHumanReadableCopyright = "";
				IPHONEOS_DEPLOYMENT_TARGET = 17.4;
				LD_RUNPATH_SEARCH_PATHS = (
					"$(inherited)",
					"@executable_path/Frameworks",
					"@executable_path/../../Frameworks",
				);
				MARKETING_VERSION = 1.0;
				PRODUCT_BUNDLE_IDENTIFIER = "ukitaka-lab.app.Lab.ShareExtension";
				PRODUCT_NAME = "$(TARGET_NAME)";
				SDKROOT = iphoneos;
				SKIP_INSTALL = YES;
				SWIFT_EMIT_LOC_STRINGS = YES;
				SWIFT_VERSION = 5.0;
				TARGETED_DEVICE_FAMILY = "1,2";
				VALIDATE_PRODUCT = YES;
			};
			name = Release;
		};
		E83A3BDE2BC3E4F400248AF5 /* Debug */ = {
			isa = XCBuildConfiguration;
			buildSettings = {
				ALWAYS_SEARCH_USER_PATHS = NO;
				ASSETCATALOG_COMPILER_GENERATE_SWIFT_ASSET_SYMBOL_EXTENSIONS = YES;
				CLANG_ANALYZER_NONNULL = YES;
				CLANG_ANALYZER_NUMBER_OBJECT_CONVERSION = YES_AGGRESSIVE;
				CLANG_CXX_LANGUAGE_STANDARD = "gnu++20";
				CLANG_ENABLE_MODULES = YES;
				CLANG_ENABLE_OBJC_ARC = YES;
				CLANG_ENABLE_OBJC_WEAK = YES;
				CLANG_WARN_BLOCK_CAPTURE_AUTORELEASING = YES;
				CLANG_WARN_BOOL_CONVERSION = YES;
				CLANG_WARN_COMMA = YES;
				CLANG_WARN_CONSTANT_CONVERSION = YES;
				CLANG_WARN_DEPRECATED_OBJC_IMPLEMENTATIONS = YES;
				CLANG_WARN_DIRECT_OBJC_ISA_USAGE = YES_ERROR;
				CLANG_WARN_DOCUMENTATION_COMMENTS = YES;
				CLANG_WARN_EMPTY_BODY = YES;
				CLANG_WARN_ENUM_CONVERSION = YES;
				CLANG_WARN_INFINITE_RECURSION = YES;
				CLANG_WARN_INT_CONVERSION = YES;
				CLANG_WARN_NON_LITERAL_NULL_CONVERSION = YES;
				CLANG_WARN_OBJC_IMPLICIT_RETAIN_SELF = YES;
				CLANG_WARN_OBJC_LITERAL_CONVERSION = YES;
				CLANG_WARN_OBJC_ROOT_CLASS = YES_ERROR;
				CLANG_WARN_QUOTED_INCLUDE_IN_FRAMEWORK_HEADER = YES;
				CLANG_WARN_RANGE_LOOP_ANALYSIS = YES;
				CLANG_WARN_STRICT_PROTOTYPES = YES;
				CLANG_WARN_SUSPICIOUS_MOVE = YES;
				CLANG_WARN_UNGUARDED_AVAILABILITY = YES_AGGRESSIVE;
				CLANG_WARN_UNREACHABLE_CODE = YES;
				CLANG_WARN__DUPLICATE_METHOD_MATCH = YES;
				COPY_PHASE_STRIP = NO;
				DEBUG_INFORMATION_FORMAT = dwarf;
				ENABLE_STRICT_OBJC_MSGSEND = YES;
				ENABLE_TESTABILITY = YES;
				ENABLE_USER_SCRIPT_SANDBOXING = NO;
				GCC_C_LANGUAGE_STANDARD = gnu17;
				GCC_DYNAMIC_NO_PIC = NO;
				GCC_NO_COMMON_BLOCKS = YES;
				GCC_OPTIMIZATION_LEVEL = 0;
				GCC_PREPROCESSOR_DEFINITIONS = (
					"DEBUG=1",
					"$(inherited)",
				);
				GCC_WARN_64_TO_32_BIT_CONVERSION = YES;
				GCC_WARN_ABOUT_RETURN_TYPE = YES_ERROR;
				GCC_WARN_UNDECLARED_SELECTOR = YES;
				GCC_WARN_UNINITIALIZED_AUTOS = YES_AGGRESSIVE;
				GCC_WARN_UNUSED_FUNCTION = YES;
				GCC_WARN_UNUSED_VARIABLE = YES;
				LOCALIZATION_PREFERS_STRING_CATALOGS = YES;
				MTL_ENABLE_DEBUG_INFO = INCLUDE_SOURCE;
				MTL_FAST_MATH = YES;
				ONLY_ACTIVE_ARCH = YES;
				SWIFT_ACTIVE_COMPILATION_CONDITIONS = "DEBUG $(inherited)";
				SWIFT_OPTIMIZATION_LEVEL = "-Onone";
			};
			name = Debug;
		};
		E83A3BDF2BC3E4F400248AF5 /* Release */ = {
			isa = XCBuildConfiguration;
			buildSettings = {
				ALWAYS_SEARCH_USER_PATHS = NO;
				ASSETCATALOG_COMPILER_GENERATE_SWIFT_ASSET_SYMBOL_EXTENSIONS = YES;
				CLANG_ANALYZER_NONNULL = YES;
				CLANG_ANALYZER_NUMBER_OBJECT_CONVERSION = YES_AGGRESSIVE;
				CLANG_CXX_LANGUAGE_STANDARD = "gnu++20";
				CLANG_ENABLE_MODULES = YES;
				CLANG_ENABLE_OBJC_ARC = YES;
				CLANG_ENABLE_OBJC_WEAK = YES;
				CLANG_WARN_BLOCK_CAPTURE_AUTORELEASING = YES;
				CLANG_WARN_BOOL_CONVERSION = YES;
				CLANG_WARN_COMMA = YES;
				CLANG_WARN_CONSTANT_CONVERSION = YES;
				CLANG_WARN_DEPRECATED_OBJC_IMPLEMENTATIONS = YES;
				CLANG_WARN_DIRECT_OBJC_ISA_USAGE = YES_ERROR;
				CLANG_WARN_DOCUMENTATION_COMMENTS = YES;
				CLANG_WARN_EMPTY_BODY = YES;
				CLANG_WARN_ENUM_CONVERSION = YES;
				CLANG_WARN_INFINITE_RECURSION = YES;
				CLANG_WARN_INT_CONVERSION = YES;
				CLANG_WARN_NON_LITERAL_NULL_CONVERSION = YES;
				CLANG_WARN_OBJC_IMPLICIT_RETAIN_SELF = YES;
				CLANG_WARN_OBJC_LITERAL_CONVERSION = YES;
				CLANG_WARN_OBJC_ROOT_CLASS = YES_ERROR;
				CLANG_WARN_QUOTED_INCLUDE_IN_FRAMEWORK_HEADER = YES;
				CLANG_WARN_RANGE_LOOP_ANALYSIS = YES;
				CLANG_WARN_STRICT_PROTOTYPES = YES;
				CLANG_WARN_SUSPICIOUS_MOVE = YES;
				CLANG_WARN_UNGUARDED_AVAILABILITY = YES_AGGRESSIVE;
				CLANG_WARN_UNREACHABLE_CODE = YES;
				CLANG_WARN__DUPLICATE_METHOD_MATCH = YES;
				COPY_PHASE_STRIP = NO;
				DEBUG_INFORMATION_FORMAT = "dwarf-with-dsym";
				ENABLE_NS_ASSERTIONS = NO;
				ENABLE_STRICT_OBJC_MSGSEND = YES;
				ENABLE_USER_SCRIPT_SANDBOXING = NO;
				GCC_C_LANGUAGE_STANDARD = gnu17;
				GCC_NO_COMMON_BLOCKS = YES;
				GCC_WARN_64_TO_32_BIT_CONVERSION = YES;
				GCC_WARN_ABOUT_RETURN_TYPE = YES_ERROR;
				GCC_WARN_UNDECLARED_SELECTOR = YES;
				GCC_WARN_UNINITIALIZED_AUTOS = YES_AGGRESSIVE;
				GCC_WARN_UNUSED_FUNCTION = YES;
				GCC_WARN_UNUSED_VARIABLE = YES;
				LOCALIZATION_PREFERS_STRING_CATALOGS = YES;
				MTL_ENABLE_DEBUG_INFO = NO;
				MTL_FAST_MATH = YES;
				SWIFT_COMPILATION_MODE = wholemodule;
			};
			name = Release;
		};
		E83A3BE12BC3E4F400248AF5 /* Debug */ = {
			isa = XCBuildConfiguration;
			buildSettings = {
				ALWAYS_EMBED_SWIFT_STANDARD_LIBRARIES = YES;
				ASSETCATALOG_COMPILER_APPICON_NAME = AppIcon;
				ASSETCATALOG_COMPILER_GLOBAL_ACCENT_COLOR_NAME = AccentColor;
				CODE_SIGN_ENTITLEMENTS = Lab/Assets/Lab.entitlements;
				CODE_SIGN_STYLE = Automatic;
				CURRENT_PROJECT_VERSION = 1;
				DEVELOPMENT_ASSET_PATHS = "\"Lab/Assets/Preview Content\"";
				DEVELOPMENT_TEAM = G73SPYZ3Q7;
				ENABLE_HARDENED_RUNTIME = YES;
				ENABLE_PREVIEWS = YES;
				GENERATE_INFOPLIST_FILE = YES;
				INFOPLIST_FILE = Lab/Assets/Info.plist;
				INFOPLIST_KEY_CFBundleDisplayName = Lab;
				INFOPLIST_KEY_LSApplicationCategoryType = "public.app-category.utilities";
				"INFOPLIST_KEY_UIApplicationSceneManifest_Generation[sdk=iphoneos*]" = YES;
				"INFOPLIST_KEY_UIApplicationSceneManifest_Generation[sdk=iphonesimulator*]" = YES;
				"INFOPLIST_KEY_UIApplicationSupportsIndirectInputEvents[sdk=iphoneos*]" = YES;
				"INFOPLIST_KEY_UIApplicationSupportsIndirectInputEvents[sdk=iphonesimulator*]" = YES;
				"INFOPLIST_KEY_UILaunchScreen_Generation[sdk=iphoneos*]" = YES;
				"INFOPLIST_KEY_UILaunchScreen_Generation[sdk=iphonesimulator*]" = YES;
				"INFOPLIST_KEY_UIStatusBarStyle[sdk=iphoneos*]" = UIStatusBarStyleDefault;
				"INFOPLIST_KEY_UIStatusBarStyle[sdk=iphonesimulator*]" = UIStatusBarStyleDefault;
				INFOPLIST_KEY_UISupportedInterfaceOrientations_iPad = "UIInterfaceOrientationPortrait UIInterfaceOrientationPortraitUpsideDown UIInterfaceOrientationLandscapeLeft UIInterfaceOrientationLandscapeRight";
				INFOPLIST_KEY_UISupportedInterfaceOrientations_iPhone = "UIInterfaceOrientationPortrait UIInterfaceOrientationLandscapeLeft UIInterfaceOrientationLandscapeRight";
				IPHONEOS_DEPLOYMENT_TARGET = 17.4;
				LD_RUNPATH_SEARCH_PATHS = "@executable_path/Frameworks";
				"LD_RUNPATH_SEARCH_PATHS[sdk=macosx*]" = "@executable_path/../Frameworks";
				MACOSX_DEPLOYMENT_TARGET = 14.4;
				MARKETING_VERSION = 1.0;
				PRODUCT_BUNDLE_IDENTIFIER = "ukitaka-lab.app.Lab";
				PRODUCT_NAME = "$(TARGET_NAME)";
				SDKROOT = auto;
				SUPPORTED_PLATFORMS = "iphoneos iphonesimulator macosx";
				SWIFT_EMIT_LOC_STRINGS = YES;
				SWIFT_VERSION = 5.0;
				TARGETED_DEVICE_FAMILY = "1,2";
			};
			name = Debug;
		};
		E83A3BE22BC3E4F400248AF5 /* Release */ = {
			isa = XCBuildConfiguration;
			buildSettings = {
				ALWAYS_EMBED_SWIFT_STANDARD_LIBRARIES = YES;
				ASSETCATALOG_COMPILER_APPICON_NAME = AppIcon;
				ASSETCATALOG_COMPILER_GLOBAL_ACCENT_COLOR_NAME = AccentColor;
				CODE_SIGN_ENTITLEMENTS = Lab/Assets/Lab.entitlements;
				CODE_SIGN_STYLE = Automatic;
				CURRENT_PROJECT_VERSION = 1;
				DEVELOPMENT_ASSET_PATHS = "\"Lab/Assets/Preview Content\"";
				DEVELOPMENT_TEAM = G73SPYZ3Q7;
				ENABLE_HARDENED_RUNTIME = YES;
				ENABLE_PREVIEWS = YES;
				GENERATE_INFOPLIST_FILE = YES;
				INFOPLIST_FILE = Lab/Assets/Info.plist;
				INFOPLIST_KEY_CFBundleDisplayName = Lab;
				INFOPLIST_KEY_LSApplicationCategoryType = "public.app-category.utilities";
				"INFOPLIST_KEY_UIApplicationSceneManifest_Generation[sdk=iphoneos*]" = YES;
				"INFOPLIST_KEY_UIApplicationSceneManifest_Generation[sdk=iphonesimulator*]" = YES;
				"INFOPLIST_KEY_UIApplicationSupportsIndirectInputEvents[sdk=iphoneos*]" = YES;
				"INFOPLIST_KEY_UIApplicationSupportsIndirectInputEvents[sdk=iphonesimulator*]" = YES;
				"INFOPLIST_KEY_UILaunchScreen_Generation[sdk=iphoneos*]" = YES;
				"INFOPLIST_KEY_UILaunchScreen_Generation[sdk=iphonesimulator*]" = YES;
				"INFOPLIST_KEY_UIStatusBarStyle[sdk=iphoneos*]" = UIStatusBarStyleDefault;
				"INFOPLIST_KEY_UIStatusBarStyle[sdk=iphonesimulator*]" = UIStatusBarStyleDefault;
				INFOPLIST_KEY_UISupportedInterfaceOrientations_iPad = "UIInterfaceOrientationPortrait UIInterfaceOrientationPortraitUpsideDown UIInterfaceOrientationLandscapeLeft UIInterfaceOrientationLandscapeRight";
				INFOPLIST_KEY_UISupportedInterfaceOrientations_iPhone = "UIInterfaceOrientationPortrait UIInterfaceOrientationLandscapeLeft UIInterfaceOrientationLandscapeRight";
				IPHONEOS_DEPLOYMENT_TARGET = 17.4;
				LD_RUNPATH_SEARCH_PATHS = "@executable_path/Frameworks";
				"LD_RUNPATH_SEARCH_PATHS[sdk=macosx*]" = "@executable_path/../Frameworks";
				MACOSX_DEPLOYMENT_TARGET = 14.4;
				MARKETING_VERSION = 1.0;
				PRODUCT_BUNDLE_IDENTIFIER = "ukitaka-lab.app.Lab";
				PRODUCT_NAME = "$(TARGET_NAME)";
				SDKROOT = auto;
				SUPPORTED_PLATFORMS = "iphoneos iphonesimulator macosx";
				SWIFT_EMIT_LOC_STRINGS = YES;
				SWIFT_VERSION = 5.0;
				TARGETED_DEVICE_FAMILY = "1,2";
			};
			name = Release;
		};
/* End XCBuildConfiguration section */

/* Begin XCConfigurationList section */
		E80F8F5A2BC7999900D65531 /* Build configuration list for PBXNativeTarget "ShareExtension" */ = {
			isa = XCConfigurationList;
			buildConfigurations = (
				E80F8F582BC7999900D65531 /* Debug */,
				E80F8F592BC7999900D65531 /* Release */,
			);
			defaultConfigurationIsVisible = 0;
			defaultConfigurationName = Release;
		};
		E83A3BB62BC3E4F300248AF5 /* Build configuration list for PBXProject "Lab" */ = {
			isa = XCConfigurationList;
			buildConfigurations = (
				E83A3BDE2BC3E4F400248AF5 /* Debug */,
				E83A3BDF2BC3E4F400248AF5 /* Release */,
			);
			defaultConfigurationIsVisible = 0;
			defaultConfigurationName = Release;
		};
		E83A3BE02BC3E4F400248AF5 /* Build configuration list for PBXNativeTarget "Lab" */ = {
			isa = XCConfigurationList;
			buildConfigurations = (
				E83A3BE12BC3E4F400248AF5 /* Debug */,
				E83A3BE22BC3E4F400248AF5 /* Release */,
			);
			defaultConfigurationIsVisible = 0;
			defaultConfigurationName = Release;
		};
/* End XCConfigurationList section */

/* Begin XCRemoteSwiftPackageReference section */
		E80F8F5B2BC7A2E000D65531 /* XCRemoteSwiftPackageReference "supabase-swift" */ = {
			isa = XCRemoteSwiftPackageReference;
			repositoryURL = "https://github.com/supabase/supabase-swift";
			requirement = {
				kind = upToNextMajorVersion;
				minimumVersion = 2.5.1;
			};
		};
		E8C05FE52BCBC6E000BA2361 /* XCRemoteSwiftPackageReference "SwiftUI-Shimmer" */ = {
			isa = XCRemoteSwiftPackageReference;
			repositoryURL = "https://github.com/markiv/SwiftUI-Shimmer";
			requirement = {
				kind = upToNextMajorVersion;
				minimumVersion = 1.4.2;
			};
		};
		E8FF5AF72BC7FE6D0049A49F /* XCRemoteSwiftPackageReference "swift-composable-architecture" */ = {
			isa = XCRemoteSwiftPackageReference;
			repositoryURL = "https://github.com/pointfreeco/swift-composable-architecture";
			requirement = {
				kind = upToNextMajorVersion;
				minimumVersion = 1.9.2;
			};
		};
/* End XCRemoteSwiftPackageReference section */

/* Begin XCSwiftPackageProductDependency section */
		E80F8F612BC7A41F00D65531 /* Supabase */ = {
			isa = XCSwiftPackageProductDependency;
			package = E80F8F5B2BC7A2E000D65531 /* XCRemoteSwiftPackageReference "supabase-swift" */;
			productName = Supabase;
		};
		E84346B12BCF77E0008F1FE3 /* ComposableArchitecture */ = {
			isa = XCSwiftPackageProductDependency;
			package = E8FF5AF72BC7FE6D0049A49F /* XCRemoteSwiftPackageReference "swift-composable-architecture" */;
			productName = ComposableArchitecture;
		};
		E84346B32BCF77E6008F1FE3 /* Supabase */ = {
			isa = XCSwiftPackageProductDependency;
			package = E80F8F5B2BC7A2E000D65531 /* XCRemoteSwiftPackageReference "supabase-swift" */;
			productName = Supabase;
		};
		E873D9722BC8028900DAF86E /* ComposableArchitecture */ = {
			isa = XCSwiftPackageProductDependency;
			package = E8FF5AF72BC7FE6D0049A49F /* XCRemoteSwiftPackageReference "swift-composable-architecture" */;
			productName = ComposableArchitecture;
		};
		E8C05FE82BCBCA8B00BA2361 /* Shimmer */ = {
			isa = XCSwiftPackageProductDependency;
			package = E8C05FE52BCBC6E000BA2361 /* XCRemoteSwiftPackageReference "SwiftUI-Shimmer" */;
			productName = Shimmer;
		};
/* End XCSwiftPackageProductDependency section */
	};
	rootObject = E83A3BB32BC3E4F300248AF5 /* Project object */;
}
